
Microsoft Visual Studio Solution File, Format Version 12.00
# Visual Studio Version 16
VisualStudioVersion = 16.0.30804.86
MinimumVisualStudioVersion = 10.0.40219.1
Project("{9A19103F-16F7-4668-BE54-9A1E7A4F7556}") = "DorduncuGunOdev", "DorduncuGunOdev\DorduncuGunOdev.csproj", "{5CF47598-24C8-47FB-8514-832BF175C17C}"
EndProject
Project("{FAE04EC0-301F-11D3-BF4B-00C04F79EFBC}") = "DamaDemoRecap", "DamaDemoRecap\DamaDemoRecap.csproj", "{787C1154-1410-4279-8C74-56A9080D309E}"
EndProject
Project("{FAE04EC0-301F-11D3-BF4B-00C04F79EFBC}") = "InterfaceSegregation", "InterfaceSegregation\InterfaceSegregation.csproj", "{EDFF4FF6-093E-4EE3-8377-F8A2B171043D}"
EndProject
Project("{FAE04EC0-301F-11D3-BF4B-00C04F79EFBC}") = "BesinciGunOOPOdev", "BesinciGunOOPOdev\BesinciGunOOPOdev.csproj", "{F40C8286-BDD6-479D-A779-4AC4E71E2D13}"
EndProject
Global
	GlobalSection(SolutionConfigurationPlatforms) = preSolution
		Debug|Any CPU = Debug|Any CPU
		Release|Any CPU = Release|Any CPU
	EndGlobalSection
	GlobalSection(ProjectConfigurationPlatforms) = postSolution
		{5CF47598-24C8-47FB-8514-832BF175C17C}.Debug|Any CPU.ActiveCfg = Debug|Any CPU
		{5CF47598-24C8-47FB-8514-832BF175C17C}.Debug|Any CPU.Build.0 = Debug|Any CPU
		{5CF47598-24C8-47FB-8514-832BF175C17C}.Release|Any CPU.ActiveCfg = Release|Any CPU
		{5CF47598-24C8-47FB-8514-832BF175C17C}.Release|Any CPU.Build.0 = Release|Any CPU
		{787C1154-1410-4279-8C74-56A9080D309E}.Debug|Any CPU.ActiveCfg = Debug|Any CPU
		{787C1154-1410-4279-8C74-56A9080D309E}.Debug|Any CPU.Build.0 = Debug|Any CPU
		{787C1154-1410-4279-8C74-56A9080D309E}.Release|Any CPU.ActiveCfg = Release|Any CPU
		{787C1154-1410-4279-8C74-56A9080D309E}.Release|Any CPU.Build.0 = Release|Any CPU
		{EDFF4FF6-093E-4EE3-8377-F8A2B171043D}.Debug|Any CPU.ActiveCfg = Debug|Any CPU
		{EDFF4FF6-093E-4EE3-8377-F8A2B171043D}.Debug|Any CPU.Build.0 = Debug|Any CPU
		{EDFF4FF6-093E-4EE3-8377-F8A2B171043D}.Release|Any CPU.ActiveCfg = Release|Any CPU
		{EDFF4FF6-093E-4EE3-8377-F8A2B171043D}.Release|Any CPU.Build.0 = Release|Any CPU
		{F40C8286-BDD6-479D-A779-4AC4E71E2D13}.Debug|Any CPU.ActiveCfg = Debug|Any CPU
		{F40C8286-BDD6-479D-A779-4AC4E71E2D13}.Debug|Any CPU.Build.0 = Debug|Any CPU
		{F40C8286-BDD6-479D-A779-4AC4E71E2D13}.Release|Any CPU.ActiveCfg = Release|Any CPU
		{F40C8286-BDD6-479D-A779-4AC4E71E2D13}.Release|Any CPU.Build.0 = Release|Any CPU
	EndGlobalSection
	GlobalSection(SolutionProperties) = preSolution
		HideSolutionNode = FALSE
	EndGlobalSection
	GlobalSection(ExtensibilityGlobals) = postSolution
		SolutionGuid = {87D30B84-AFE7-493E-A766-8CDA369CF3B4}
	EndGlobalSection
EndGlobal
